
Microsoft Visual Studio Solution File, Format Version 12.00
# Visual Studio 15
VisualStudioVersion = 15.0.27703.2042
MinimumVisualStudioVersion = 10.0.40219.1
Project("{9A19103F-16F7-4668-BE54-9A1E7A4F7556}") = "InnoCVExercise", "InnoCVExercise\InnoCVExercise.csproj", "{A73F56F1-4011-45C1-BB89-383A548D576E}"
EndProject
Project("{9A19103F-16F7-4668-BE54-9A1E7A4F7556}") = "InnoCVExercise.Service", "InnoCVExercise.Service\InnoCVExercise.Service.csproj", "{ABEDAE4C-EE63-49CD-A766-D9A09767A45C}"
EndProject
Project("{9A19103F-16F7-4668-BE54-9A1E7A4F7556}") = "InnoCVExercise.DataLayer", "InnoCVExercise.DataLayer\InnoCVExercise.DataLayer.csproj", "{55EDCF10-156B-4595-A8EC-F956659A9902}"
EndProject
Global
	GlobalSection(SolutionConfigurationPlatforms) = preSolution
		Debug|Any CPU = Debug|Any CPU
		Release|Any CPU = Release|Any CPU
	EndGlobalSection
	GlobalSection(ProjectConfigurationPlatforms) = postSolution
		{A73F56F1-4011-45C1-BB89-383A548D576E}.Debug|Any CPU.ActiveCfg = Debug|Any CPU
		{A73F56F1-4011-45C1-BB89-383A548D576E}.Debug|Any CPU.Build.0 = Debug|Any CPU
		{A73F56F1-4011-45C1-BB89-383A548D576E}.Release|Any CPU.ActiveCfg = Release|Any CPU
		{A73F56F1-4011-45C1-BB89-383A548D576E}.Release|Any CPU.Build.0 = Release|Any CPU
		{ABEDAE4C-EE63-49CD-A766-D9A09767A45C}.Debug|Any CPU.ActiveCfg = Debug|Any CPU
		{ABEDAE4C-EE63-49CD-A766-D9A09767A45C}.Debug|Any CPU.Build.0 = Debug|Any CPU
		{ABEDAE4C-EE63-49CD-A766-D9A09767A45C}.Release|Any CPU.ActiveCfg = Release|Any CPU
		{ABEDAE4C-EE63-49CD-A766-D9A09767A45C}.Release|Any CPU.Build.0 = Release|Any CPU
		{55EDCF10-156B-4595-A8EC-F956659A9902}.Debug|Any CPU.ActiveCfg = Debug|Any CPU
		{55EDCF10-156B-4595-A8EC-F956659A9902}.Debug|Any CPU.Build.0 = Debug|Any CPU
		{55EDCF10-156B-4595-A8EC-F956659A9902}.Release|Any CPU.ActiveCfg = Release|Any CPU
		{55EDCF10-156B-4595-A8EC-F956659A9902}.Release|Any CPU.Build.0 = Release|Any CPU
	EndGlobalSection
	GlobalSection(SolutionProperties) = preSolution
		HideSolutionNode = FALSE
	EndGlobalSection
	GlobalSection(ExtensibilityGlobals) = postSolution
		SolutionGuid = {6863F580-5A88-4592-A916-AC28B4165CE1}
	EndGlobalSection
EndGlobal
